<Solution>
  <Configurations>
    <Platform Name="Any CPU" />
    <Platform Name="x64" />
    <Platform Name="x86" />
  </Configurations>
  <Folder Name="/src/">
    <Project Path="src/OpenClaw.Cli/OpenClaw.Cli.csproj" />
    <Project Path="src/OpenClaw.Companion/OpenClaw.Companion.csproj" />
  </Folder>
  <Project Path="src/OpenClaw.Agent/OpenClaw.Agent.csproj" />
  <Project Path="src/OpenClaw.Channels/OpenClaw.Channels.csproj" />
  <Project Path="src/OpenClaw.Core/OpenClaw.Core.csproj" />
  <Project Path="src/OpenClaw.Gateway/OpenClaw.Gateway.csproj" />
  <Project Path="src/OpenClaw.PluginKit/OpenClaw.PluginKit.csproj" />
  <Project Path="src/OpenClaw.TestPluginFixtures/OpenClaw.TestPluginFixtures.csproj" />
  <Project Path="src/OpenClaw.Tests/OpenClaw.Tests.csproj" />
  <Project Path="src/OpenClawNet.Sandbox.OpenSandbox/OpenClawNet.Sandbox.OpenSandbox.csproj" />
</Solution>
